
Microsoft Visual Studio Solution File, Format Version 12.00
# Visual Studio 15
VisualStudioVersion = 15.0.27703.2042
MinimumVisualStudioVersion = 10.0.40219.1
Project("{FAE04EC0-301F-11D3-BF4B-00C04F79EFBC}") = "Theory", "Theory\Theory.csproj", "{824B2A20-4D5B-40AD-BAD0-3F6B553BFD1E}"
EndProject
Project("{FAE04EC0-301F-11D3-BF4B-00C04F79EFBC}") = "Practice", "Practice\Practice.csproj", "{F25744AB-889C-47C3-B5AA-DF889AF9143F}"
EndProject
Project("{FAE04EC0-301F-11D3-BF4B-00C04F79EFBC}") = "List of listConstructors", "List of listConstructors\List of listConstructors.csproj", "{01A82625-6BBC-4468-B942-7387931D8744}"
EndProject
Global
	GlobalSection(SolutionConfigurationPlatforms) = preSolution
		Debug|Any CPU = Debug|Any CPU
		Release|Any CPU = Release|Any CPU
	EndGlobalSection
	GlobalSection(ProjectConfigurationPlatforms) = postSolution
		{824B2A20-4D5B-40AD-BAD0-3F6B553BFD1E}.Debug|Any CPU.ActiveCfg = Debug|Any CPU
		{824B2A20-4D5B-40AD-BAD0-3F6B553BFD1E}.Debug|Any CPU.Build.0 = Debug|Any CPU
		{824B2A20-4D5B-40AD-BAD0-3F6B553BFD1E}.Release|Any CPU.ActiveCfg = Release|Any CPU
		{824B2A20-4D5B-40AD-BAD0-3F6B553BFD1E}.Release|Any CPU.Build.0 = Release|Any CPU
		{F25744AB-889C-47C3-B5AA-DF889AF9143F}.Debug|Any CPU.ActiveCfg = Debug|Any CPU
		{F25744AB-889C-47C3-B5AA-DF889AF9143F}.Debug|Any CPU.Build.0 = Debug|Any CPU
		{F25744AB-889C-47C3-B5AA-DF889AF9143F}.Release|Any CPU.ActiveCfg = Release|Any CPU
		{F25744AB-889C-47C3-B5AA-DF889AF9143F}.Release|Any CPU.Build.0 = Release|Any CPU
		{01A82625-6BBC-4468-B942-7387931D8744}.Debug|Any CPU.ActiveCfg = Debug|Any CPU
		{01A82625-6BBC-4468-B942-7387931D8744}.Debug|Any CPU.Build.0 = Debug|Any CPU
		{01A82625-6BBC-4468-B942-7387931D8744}.Release|Any CPU.ActiveCfg = Release|Any CPU
		{01A82625-6BBC-4468-B942-7387931D8744}.Release|Any CPU.Build.0 = Release|Any CPU
	EndGlobalSection
	GlobalSection(SolutionProperties) = preSolution
		HideSolutionNode = FALSE
	EndGlobalSection
	GlobalSection(ExtensibilityGlobals) = postSolution
		SolutionGuid = {20D9D09A-B598-4BA2-874A-5111F523E6EB}
	EndGlobalSection
EndGlobal
